
Microsoft Visual Studio Solution File, Format Version 12.00
# Visual Studio Version 16
VisualStudioVersion = 16.0.31624.102
MinimumVisualStudioVersion = 10.0.40219.1
Project("{FAE04EC0-301F-11D3-BF4B-00C04F79EFBC}") = "RestaurantRater", "RestaurantRater\RestaurantRater.csproj", "{257F0FD5-1473-4FB5-94F7-2B57B48CD4CF}"
EndProject
Global
	GlobalSection(SolutionConfigurationPlatforms) = preSolution
		Debug|Any CPU = Debug|Any CPU
		Release|Any CPU = Release|Any CPU
	EndGlobalSection
	GlobalSection(ProjectConfigurationPlatforms) = postSolution
		{257F0FD5-1473-4FB5-94F7-2B57B48CD4CF}.Debug|Any CPU.ActiveCfg = Debug|Any CPU
		{257F0FD5-1473-4FB5-94F7-2B57B48CD4CF}.Debug|Any CPU.Build.0 = Debug|Any CPU
		{257F0FD5-1473-4FB5-94F7-2B57B48CD4CF}.Release|Any CPU.ActiveCfg = Release|Any CPU
		{257F0FD5-1473-4FB5-94F7-2B57B48CD4CF}.Release|Any CPU.Build.0 = Release|Any CPU
	EndGlobalSection
	GlobalSection(SolutionProperties) = preSolution
		HideSolutionNode = FALSE
	EndGlobalSection
	GlobalSection(ExtensibilityGlobals) = postSolution
		SolutionGuid = {3640E822-5E24-46B9-82A1-7BBE546C2810}
	EndGlobalSection
EndGlobal
